{
  "name": "server",
  "version": "1.0.0",
  "lockfileVersion": 1,
  "requires": true,
  "dependencies": {
    "esm": {
      "version": "3.2.18",
      "resolved": "https://registry.npmjs.org/esm/-/esm-3.2.18.tgz",
      "integrity": "sha512-1UENjnnI37UDp7KuOqKYjfqdaMim06eBWnDv37smaxTIzDl0ZWnlgoXwsVwD9+Lidw+q/f1gUf2diVMDCycoVw=="
    }
  }
}
